// !$*UTF8*$!
{
	archiveVersion = 1;
	classes = {
	};
	objectVersion = 46;
	objects = {

/* Begin PBXBuildFile section */
		1731F519156AEE81009186AB /* UIKit.framework in Frameworks */ = {isa = PBXBuildFile; fileRef = 1731F518156AEE81009186AB /* UIKit.framework */; };
		1731F51B156AEE81009186AB /* Foundation.framework in Frameworks */ = {isa = PBXBuildFile; fileRef = 1731F51A156AEE81009186AB /* Foundation.framework */; };
		1731F51D156AEE81009186AB /* CoreGraphics.framework in Frameworks */ = {isa = PBXBuildFile; fileRef = 1731F51C156AEE81009186AB /* CoreGraphics.framework */; };
		1731F523156AEE81009186AB /* InfoPlist.strings in Resources */ = {isa = PBXBuildFile; fileRef = 1731F521156AEE81009186AB /* InfoPlist.strings */; };
		1731F525156AEE81009186AB /* main.m in Sources */ = {isa = PBXBuildFile; fileRef = 1731F524156AEE81009186AB /* main.m */; };
		1731F529156AEE81009186AB /* CeeneeAppDelegate.m in Sources */ = {isa = PBXBuildFile; fileRef = 1731F528156AEE81009186AB /* CeeneeAppDelegate.m */; };
		1731F52C156AEE81009186AB /* CeeneeViewController.m in Sources */ = {isa = PBXBuildFile; fileRef = 1731F52B156AEE81009186AB /* CeeneeViewController.m */; };
		1731F52F156AEE81009186AB /* CeeneeViewController_iPhone.xib in Resources */ = {isa = PBXBuildFile; fileRef = 1731F52D156AEE81009186AB /* CeeneeViewController_iPhone.xib */; };
		1731F532156AEE81009186AB /* CeeneeViewController_iPad.xib in Resources */ = {isa = PBXBuildFile; fileRef = 1731F530156AEE81009186AB /* CeeneeViewController_iPad.xib */; };
		1731F54D156E9A6A009186AB /* CeeneeRemote.m in Sources */ = {isa = PBXBuildFile; fileRef = 1731F54C156E9A6A009186AB /* CeeneeRemote.m */; };
		1731F551156E9AC3009186AB /* GCDAsyncSocket.m in Sources */ = {isa = PBXBuildFile; fileRef = 1731F550156E9AC3009186AB /* GCDAsyncSocket.m */; };
		1742294415792085003F7C3B /* glyphicons_349_fullscreen.png in Resources */ = {isa = PBXBuildFile; fileRef = 1742294315792085003F7C3B /* glyphicons_349_fullscreen.png */; };
		17422947157920D8003F7C3B /* glyphicons_049_star.png in Resources */ = {isa = PBXBuildFile; fileRef = 17422946157920D8003F7C3B /* glyphicons_049_star.png */; };
		174229491579215B003F7C3B /* glyphicons_279_tablet.png in Resources */ = {isa = PBXBuildFile; fileRef = 174229481579215B003F7C3B /* glyphicons_279_tablet.png */; };
		1742294B157921D9003F7C3B /* glyphicons_221_unshare.png in Resources */ = {isa = PBXBuildFile; fileRef = 1742294A157921D9003F7C3B /* glyphicons_221_unshare.png */; };
		1742295C15792F5D003F7C3B /* ceenee_10_slow.png in Resources */ = {isa = PBXBuildFile; fileRef = 1742295715792F5D003F7C3B /* ceenee_10_slow.png */; };
		17422962157931ED003F7C3B /* glyphicons_169_albums.png in Resources */ = {isa = PBXBuildFile; fileRef = 17422961157931ED003F7C3B /* glyphicons_169_albums.png */; };
		1742296F157938B7003F7C3B /* ceenee_11_red.png in Resources */ = {isa = PBXBuildFile; fileRef = 1742296B157938B7003F7C3B /* ceenee_11_red.png */; };
		17422970157938B7003F7C3B /* ceenee_12_blue.png in Resources */ = {isa = PBXBuildFile; fileRef = 1742296C157938B7003F7C3B /* ceenee_12_blue.png */; };
		17422971157938B7003F7C3B /* ceenee_13_yellow.png in Resources */ = {isa = PBXBuildFile; fileRef = 1742296D157938B7003F7C3B /* ceenee_13_yellow.png */; };
		17422972157938B7003F7C3B /* ceenee_14_green.png in Resources */ = {isa = PBXBuildFile; fileRef = 1742296E157938B7003F7C3B /* ceenee_14_green.png */; };
		177BC3311576AE7E001BBBF9 /* glyphicons_020_home.png in Resources */ = {isa = PBXBuildFile; fileRef = 177BC1A11576AE7D001BBBF9 /* glyphicons_020_home.png */; };
		177BC3381576AE7E001BBBF9 /* glyphicons_027_search.png in Resources */ = {isa = PBXBuildFile; fileRef = 177BC1A81576AE7D001BBBF9 /* glyphicons_027_search.png */; };
		177BC35C1576AE7E001BBBF9 /* glyphicons_063_power.png in Resources */ = {isa = PBXBuildFile; fileRef = 177BC1CC1576AE7D001BBBF9 /* glyphicons_063_power.png */; };
		177BC3661576AE7E001BBBF9 /* glyphicons_073_signal.png in Resources */ = {isa = PBXBuildFile; fileRef = 177BC1D61576AE7D001BBBF9 /* glyphicons_073_signal.png */; };
		177BC3721576AE7E001BBBF9 /* glyphicons_085_repeat.png in Resources */ = {isa = PBXBuildFile; fileRef = 177BC1E21576AE7D001BBBF9 /* glyphicons_085_repeat.png */; };
		177BC3811576AE7E001BBBF9 /* glyphicons_100_font.png in Resources */ = {isa = PBXBuildFile; fileRef = 177BC1F11576AE7D001BBBF9 /* glyphicons_100_font.png */; };
		177BC3C71576AE7E001BBBF9 /* glyphicons_170_step_backward.png in Resources */ = {isa = PBXBuildFile; fileRef = 177BC2371576AE7D001BBBF9 /* glyphicons_170_step_backward.png */; };
		177BC3C81576AE7E001BBBF9 /* glyphicons_171_fast_backward.png in Resources */ = {isa = PBXBuildFile; fileRef = 177BC2381576AE7D001BBBF9 /* glyphicons_171_fast_backward.png */; };
		177BC3C91576AE7E001BBBF9 /* glyphicons_172_rewind.png in Resources */ = {isa = PBXBuildFile; fileRef = 177BC2391576AE7D001BBBF9 /* glyphicons_172_rewind.png */; };
		177BC3CB1576AE7E001BBBF9 /* glyphicons_174_pause.png in Resources */ = {isa = PBXBuildFile; fileRef = 177BC23B1576AE7D001BBBF9 /* glyphicons_174_pause.png */; };
		177BC3CC1576AE7E001BBBF9 /* glyphicons_175_stop.png in Resources */ = {isa = PBXBuildFile; fileRef = 177BC23C1576AE7D001BBBF9 /* glyphicons_175_stop.png */; };
		177BC3CD1576AE7E001BBBF9 /* glyphicons_176_forward.png in Resources */ = {isa = PBXBuildFile; fileRef = 177BC23D1576AE7D001BBBF9 /* glyphicons_176_forward.png */; };
		177BC3CE1576AE7E001BBBF9 /* glyphicons_177_fast_forward.png in Resources */ = {isa = PBXBuildFile; fileRef = 177BC23E1576AE7D001BBBF9 /* glyphicons_177_fast_forward.png */; };
		177BC3CF1576AE7E001BBBF9 /* glyphicons_178_step_forward.png in Resources */ = {isa = PBXBuildFile; fileRef = 177BC23F1576AE7D001BBBF9 /* glyphicons_178_step_forward.png */; };
		177BC3D01576AE7E001BBBF9 /* glyphicons_179_eject.png in Resources */ = {isa = PBXBuildFile; fileRef = 177BC2401576AE7D001BBBF9 /* glyphicons_179_eject.png */; };
		177BC3D11576AE7E001BBBF9 /* glyphicons_180_facetime_video.png in Resources */ = {isa = PBXBuildFile; fileRef = 177BC2411576AE7D001BBBF9 /* glyphicons_180_facetime_video.png */; };
		177BC3D31576AE7E001BBBF9 /* glyphicons_182_mute.png in Resources */ = {isa = PBXBuildFile; fileRef = 177BC2431576AE7D001BBBF9 /* glyphicons_182_mute.png */; };
		177BC3D41576AE7E001BBBF9 /* glyphicons_183_volume_down.png in Resources */ = {isa = PBXBuildFile; fileRef = 177BC2441576AE7D001BBBF9 /* glyphicons_183_volume_down.png */; };
		177BC3D51576AE7E001BBBF9 /* glyphicons_184_volume_up.png in Resources */ = {isa = PBXBuildFile; fileRef = 177BC2451576AE7D001BBBF9 /* glyphicons_184_volume_up.png */; };
		177BC3E01576AE7E001BBBF9 /* glyphicons_195_circle_info.png in Resources */ = {isa = PBXBuildFile; fileRef = 177BC2501576AE7D001BBBF9 /* glyphicons_195_circle_info.png */; };
		177BC3E21576AE7E001BBBF9 /* glyphicons_197_remove.png in Resources */ = {isa = PBXBuildFile; fileRef = 177BC2521576AE7D001BBBF9 /* glyphicons_197_remove.png */; };
		177BC3E31576AE7E001BBBF9 /* glyphicons_198_ok.png in Resources */ = {isa = PBXBuildFile; fileRef = 177BC2531576AE7D001BBBF9 /* glyphicons_198_ok.png */; };
		177BC3F51576AE7E001BBBF9 /* glyphicons_216_circle_arrow_left.png in Resources */ = {isa = PBXBuildFile; fileRef = 177BC2651576AE7D001BBBF9 /* glyphicons_216_circle_arrow_left.png */; };
		177BC3F61576AE7E001BBBF9 /* glyphicons_217_circle_arrow_right.png in Resources */ = {isa = PBXBuildFile; fileRef = 177BC2661576AE7D001BBBF9 /* glyphicons_217_circle_arrow_right.png */; };
		177BC3F71576AE7E001BBBF9 /* glyphicons_218_circle_arrow_top.png in Resources */ = {isa = PBXBuildFile; fileRef = 177BC2671576AE7D001BBBF9 /* glyphicons_218_circle_arrow_top.png */; };
		177BC3F81576AE7E001BBBF9 /* glyphicons_219_circle_arrow_down.png in Resources */ = {isa = PBXBuildFile; fileRef = 177BC2681576AE7D001BBBF9 /* glyphicons_219_circle_arrow_down.png */; };
		177BC3F91576AE7E001BBBF9 /* glyphicons_220_play_button.png in Resources */ = {isa = PBXBuildFile; fileRef = 177BC2691576AE7D001BBBF9 /* glyphicons_220_play_button.png */; };
		177BC4641576AE7E001BBBF9 /* glyphicons_327_sampler.png in Resources */ = {isa = PBXBuildFile; fileRef = 177BC2D41576AE7D001BBBF9 /* glyphicons_327_sampler.png */; };
		177BC47C1576AE7E001BBBF9 /* glyphicons_351_book_open.png in Resources */ = {isa = PBXBuildFile; fileRef = 177BC2EC1576AE7D001BBBF9 /* glyphicons_351_book_open.png */; };
		1786F4231577D5BA000A10F6 /* glyphicons_280_settings.png in Resources */ = {isa = PBXBuildFile; fileRef = 1786F4221577D5BA000A10F6 /* glyphicons_280_settings.png */; };
		1786F4251577D611000A10F6 /* glyphicons_173_play.png in Resources */ = {isa = PBXBuildFile; fileRef = 1786F4241577D611000A10F6 /* glyphicons_173_play.png */; };
		1786F42F15781A50000A10F6 /* icon-remote-dvr.png in Resources */ = {isa = PBXBuildFile; fileRef = 1786F42E15781A4F000A10F6 /* icon-remote-dvr.png */; };
		1786F4321578280A000A10F6 /* icon-remote-dvr.png in Resources */ = {isa = PBXBuildFile; fileRef = 1786F4311578280A000A10F6 /* icon-remote-dvr.png */; };
		1786F45D15782978000A10F6 /* ceenee_3_ok.png in Resources */ = {isa = PBXBuildFile; fileRef = 1786F45515782978000A10F6 /* ceenee_3_ok.png */; };
		1786F45E15782978000A10F6 /* ceenee_4_repeat.png in Resources */ = {isa = PBXBuildFile; fileRef = 1786F45615782978000A10F6 /* ceenee_4_repeat.png */; };
		1786F45F15782978000A10F6 /* ceenee_5_return.png in Resources */ = {isa = PBXBuildFile; fileRef = 1786F45715782978000A10F6 /* ceenee_5_return.png */; };
		1786F46015782978000A10F6 /* ceenee_6_tvmode.png in Resources */ = {isa = PBXBuildFile; fileRef = 1786F45815782978000A10F6 /* ceenee_6_tvmode.png */; };
		1786F46115782978000A10F6 /* ceenee_6_zoom.png in Resources */ = {isa = PBXBuildFile; fileRef = 1786F45915782978000A10F6 /* ceenee_6_zoom.png */; };
		1786F46215782978000A10F6 /* ceenee_7_169.png in Resources */ = {isa = PBXBuildFile; fileRef = 1786F45A15782978000A10F6 /* ceenee_7_169.png */; };
		17B77C4515753D9E009C3D5C /* Security.framework in Frameworks */ = {isa = PBXBuildFile; fileRef = 17B77C4415753D9E009C3D5C /* Security.framework */; };
		17B77C4615753DA4009C3D5C /* CFNetwork.framework in Frameworks */ = {isa = PBXBuildFile; fileRef = 17143AF5157537E600BA7AD6 /* CFNetwork.framework */; };
/* End PBXBuildFile section */

/* Begin PBXFileReference section */
		17143AF5157537E600BA7AD6 /* CFNetwork.framework */ = {isa = PBXFileReference; lastKnownFileType = wrapper.framework; name = CFNetwork.framework; path = System/Library/Frameworks/CFNetwork.framework; sourceTree = SDKROOT; };
		1731F514156AEE81009186AB /* iCeeNee.app */ = {isa = PBXFileReference; explicitFileType = wrapper.application; includeInIndex = 0; path = iCeeNee.app; sourceTree = BUILT_PRODUCTS_DIR; };
		1731F518156AEE81009186AB /* UIKit.framework */ = {isa = PBXFileReference; lastKnownFileType = wrapper.framework; name = UIKit.framework; path = System/Library/Frameworks/UIKit.framework; sourceTree = SDKROOT; };
		1731F51A156AEE81009186AB /* Foundation.framework */ = {isa = PBXFileReference; lastKnownFileType = wrapper.framework; name = Foundation.framework; path = System/Library/Frameworks/Foundation.framework; sourceTree = SDKROOT; };
		1731F51C156AEE81009186AB /* CoreGraphics.framework */ = {isa = PBXFileReference; lastKnownFileType = wrapper.framework; name = CoreGraphics.framework; path = System/Library/Frameworks/CoreGraphics.framework; sourceTree = SDKROOT; };
		1731F520156AEE81009186AB /* iCeeNee-Info.plist */ = {isa = PBXFileReference; lastKnownFileType = text.plist.xml; path = "iCeeNee-Info.plist"; sourceTree = "<group>"; };
		1731F522156AEE81009186AB /* en */ = {isa = PBXFileReference; lastKnownFileType = text.plist.strings; name = en; path = en.lproj/InfoPlist.strings; sourceTree = "<group>"; };
		1731F524156AEE81009186AB /* main.m */ = {isa = PBXFileReference; lastKnownFileType = sourcecode.c.objc; path = main.m; sourceTree = "<group>"; };
		1731F526156AEE81009186AB /* iCeeNee-Prefix.pch */ = {isa = PBXFileReference; lastKnownFileType = sourcecode.c.h; path = "iCeeNee-Prefix.pch"; sourceTree = "<group>"; };
		1731F527156AEE81009186AB /* CeeneeAppDelegate.h */ = {isa = PBXFileReference; lastKnownFileType = sourcecode.c.h; path = CeeneeAppDelegate.h; sourceTree = "<group>"; };
		1731F528156AEE81009186AB /* CeeneeAppDelegate.m */ = {isa = PBXFileReference; lastKnownFileType = sourcecode.c.objc; path = CeeneeAppDelegate.m; sourceTree = "<group>"; };
		1731F52A156AEE81009186AB /* CeeneeViewController.h */ = {isa = PBXFileReference; lastKnownFileType = sourcecode.c.h; path = CeeneeViewController.h; sourceTree = "<group>"; };
		1731F52B156AEE81009186AB /* CeeneeViewController.m */ = {isa = PBXFileReference; lastKnownFileType = sourcecode.c.objc; path = CeeneeViewController.m; sourceTree = "<group>"; };
		1731F52E156AEE81009186AB /* en */ = {isa = PBXFileReference; lastKnownFileType = file.xib; name = en; path = en.lproj/CeeneeViewController_iPhone.xib; sourceTree = "<group>"; };
		1731F531156AEE81009186AB /* en */ = {isa = PBXFileReference; lastKnownFileType = file.xib; name = en; path = en.lproj/CeeneeViewController_iPad.xib; sourceTree = "<group>"; };
		1731F54B156E9A6A009186AB /* CeeneeRemote.h */ = {isa = PBXFileReference; fileEncoding = 4; lastKnownFileType = sourcecode.c.h; path = CeeneeRemote.h; sourceTree = "<group>"; };
		1731F54C156E9A6A009186AB /* CeeneeRemote.m */ = {isa = PBXFileReference; fileEncoding = 4; lastKnownFileType = sourcecode.c.objc; path = CeeneeRemote.m; sourceTree = "<group>"; };
		1731F54F156E9AC3009186AB /* GCDAsyncSocket.h */ = {isa = PBXFileReference; fileEncoding = 4; lastKnownFileType = sourcecode.c.h; path = GCDAsyncSocket.h; sourceTree = "<group>"; };
		1731F550156E9AC3009186AB /* GCDAsyncSocket.m */ = {isa = PBXFileReference; fileEncoding = 4; lastKnownFileType = sourcecode.c.objc; path = GCDAsyncSocket.m; sourceTree = "<group>"; };
		1742294315792085003F7C3B /* glyphicons_349_fullscreen.png */ = {isa = PBXFileReference; lastKnownFileType = image.png; path = glyphicons_349_fullscreen.png; sourceTree = "<group>"; };
		17422946157920D8003F7C3B /* glyphicons_049_star.png */ = {isa = PBXFileReference; lastKnownFileType = image.png; path = glyphicons_049_star.png; sourceTree = "<group>"; };
		174229481579215B003F7C3B /* glyphicons_279_tablet.png */ = {isa = PBXFileReference; lastKnownFileType = image.png; path = glyphicons_279_tablet.png; sourceTree = "<group>"; };
		1742294A157921D9003F7C3B /* glyphicons_221_unshare.png */ = {isa = PBXFileReference; lastKnownFileType = image.png; path = glyphicons_221_unshare.png; sourceTree = "<group>"; };
		1742295715792F5D003F7C3B /* ceenee_10_slow.png */ = {isa = PBXFileReference; lastKnownFileType = image.png; path = ceenee_10_slow.png; sourceTree = "<group>"; };
		17422961157931ED003F7C3B /* glyphicons_169_albums.png */ = {isa = PBXFileReference; lastKnownFileType = image.png; path = glyphicons_169_albums.png; sourceTree = "<group>"; };
		1742296B157938B7003F7C3B /* ceenee_11_red.png */ = {isa = PBXFileReference; lastKnownFileType = image.png; path = ceenee_11_red.png; sourceTree = "<group>"; };
		1742296C157938B7003F7C3B /* ceenee_12_blue.png */ = {isa = PBXFileReference; lastKnownFileType = image.png; path = ceenee_12_blue.png; sourceTree = "<group>"; };
		1742296D157938B7003F7C3B /* ceenee_13_yellow.png */ = {isa = PBXFileReference; lastKnownFileType = image.png; path = ceenee_13_yellow.png; sourceTree = "<group>"; };
		1742296E157938B7003F7C3B /* ceenee_14_green.png */ = {isa = PBXFileReference; lastKnownFileType = image.png; path = ceenee_14_green.png; sourceTree = "<group>"; };
		177BC1A11576AE7D001BBBF9 /* glyphicons_020_home.png */ = {isa = PBXFileReference; lastKnownFileType = image.png; path = glyphicons_020_home.png; sourceTree = "<group>"; };
		177BC1A81576AE7D001BBBF9 /* glyphicons_027_search.png */ = {isa = PBXFileReference; lastKnownFileType = image.png; path = glyphicons_027_search.png; sourceTree = "<group>"; };
		177BC1CC1576AE7D001BBBF9 /* glyphicons_063_power.png */ = {isa = PBXFileReference; lastKnownFileType = image.png; path = glyphicons_063_power.png; sourceTree = "<group>"; };
		177BC1D61576AE7D001BBBF9 /* glyphicons_073_signal.png */ = {isa = PBXFileReference; lastKnownFileType = image.png; path = glyphicons_073_signal.png; sourceTree = "<group>"; };
		177BC1E21576AE7D001BBBF9 /* glyphicons_085_repeat.png */ = {isa = PBXFileReference; lastKnownFileType = image.png; path = glyphicons_085_repeat.png; sourceTree = "<group>"; };
		177BC1F11576AE7D001BBBF9 /* glyphicons_100_font.png */ = {isa = PBXFileReference; lastKnownFileType = image.png; path = glyphicons_100_font.png; sourceTree = "<group>"; };
		177BC2371576AE7D001BBBF9 /* glyphicons_170_step_backward.png */ = {isa = PBXFileReference; lastKnownFileType = image.png; path = glyphicons_170_step_backward.png; sourceTree = "<group>"; };
		177BC2381576AE7D001BBBF9 /* glyphicons_171_fast_backward.png */ = {isa = PBXFileReference; lastKnownFileType = image.png; path = glyphicons_171_fast_backward.png; sourceTree = "<group>"; };
		177BC2391576AE7D001BBBF9 /* glyphicons_172_rewind.png */ = {isa = PBXFileReference; lastKnownFileType = image.png; path = glyphicons_172_rewind.png; sourceTree = "<group>"; };
		177BC23B1576AE7D001BBBF9 /* glyphicons_174_pause.png */ = {isa = PBXFileReference; lastKnownFileType = image.png; path = glyphicons_174_pause.png; sourceTree = "<group>"; };
		177BC23C1576AE7D001BBBF9 /* glyphicons_175_stop.png */ = {isa = PBXFileReference; lastKnownFileType = image.png; path = glyphicons_175_stop.png; sourceTree = "<group>"; };
		177BC23D1576AE7D001BBBF9 /* glyphicons_176_forward.png */ = {isa = PBXFileReference; lastKnownFileType = image.png; path = glyphicons_176_forward.png; sourceTree = "<group>"; };
		177BC23E1576AE7D001BBBF9 /* glyphicons_177_fast_forward.png */ = {isa = PBXFileReference; lastKnownFileType = image.png; path = glyphicons_177_fast_forward.png; sourceTree = "<group>"; };
		177BC23F1576AE7D001BBBF9 /* glyphicons_178_step_forward.png */ = {isa = PBXFileReference; lastKnownFileType = image.png; path = glyphicons_178_step_forward.png; sourceTree = "<group>"; };
		177BC2401576AE7D001BBBF9 /* glyphicons_179_eject.png */ = {isa = PBXFileReference; lastKnownFileType = image.png; path = glyphicons_179_eject.png; sourceTree = "<group>"; };
		177BC2411576AE7D001BBBF9 /* glyphicons_180_facetime_video.png */ = {isa = PBXFileReference; lastKnownFileType = image.png; path = glyphicons_180_facetime_video.png; sourceTree = "<group>"; };
		177BC2431576AE7D001BBBF9 /* glyphicons_182_mute.png */ = {isa = PBXFileReference; lastKnownFileType = image.png; path = glyphicons_182_mute.png; sourceTree = "<group>"; };
		177BC2441576AE7D001BBBF9 /* glyphicons_183_volume_down.png */ = {isa = PBXFileReference; lastKnownFileType = image.png; path = glyphicons_183_volume_down.png; sourceTree = "<group>"; };
		177BC2451576AE7D001BBBF9 /* glyphicons_184_volume_up.png */ = {isa = PBXFileReference; lastKnownFileType = image.png; path = glyphicons_184_volume_up.png; sourceTree = "<group>"; };
		177BC2501576AE7D001BBBF9 /* glyphicons_195_circle_info.png */ = {isa = PBXFileReference; lastKnownFileType = image.png; path = glyphicons_195_circle_info.png; sourceTree = "<group>"; };
		177BC2521576AE7D001BBBF9 /* glyphicons_197_remove.png */ = {isa = PBXFileReference; lastKnownFileType = image.png; path = glyphicons_197_remove.png; sourceTree = "<group>"; };
		177BC2531576AE7D001BBBF9 /* glyphicons_198_ok.png */ = {isa = PBXFileReference; lastKnownFileType = image.png; path = glyphicons_198_ok.png; sourceTree = "<group>"; };
		177BC2651576AE7D001BBBF9 /* glyphicons_216_circle_arrow_left.png */ = {isa = PBXFileReference; lastKnownFileType = image.png; path = glyphicons_216_circle_arrow_left.png; sourceTree = "<group>"; };
		177BC2661576AE7D001BBBF9 /* glyphicons_217_circle_arrow_right.png */ = {isa = PBXFileReference; lastKnownFileType = image.png; path = glyphicons_217_circle_arrow_right.png; sourceTree = "<group>"; };
		177BC2671576AE7D001BBBF9 /* glyphicons_218_circle_arrow_top.png */ = {isa = PBXFileReference; lastKnownFileType = image.png; path = glyphicons_218_circle_arrow_top.png; sourceTree = "<group>"; };
		177BC2681576AE7D001BBBF9 /* glyphicons_219_circle_arrow_down.png */ = {isa = PBXFileReference; lastKnownFileType = image.png; path = glyphicons_219_circle_arrow_down.png; sourceTree = "<group>"; };
		177BC2691576AE7D001BBBF9 /* glyphicons_220_play_button.png */ = {isa = PBXFileReference; lastKnownFileType = image.png; path = glyphicons_220_play_button.png; sourceTree = "<group>"; };
		177BC2D41576AE7D001BBBF9 /* glyphicons_327_sampler.png */ = {isa = PBXFileReference; lastKnownFileType = image.png; path = glyphicons_327_sampler.png; sourceTree = "<group>"; };
		177BC2EC1576AE7D001BBBF9 /* glyphicons_351_book_open.png */ = {isa = PBXFileReference; lastKnownFileType = image.png; path = glyphicons_351_book_open.png; sourceTree = "<group>"; };
		1786F4221577D5BA000A10F6 /* glyphicons_280_settings.png */ = {isa = PBXFileReference; lastKnownFileType = image.png; path = glyphicons_280_settings.png; sourceTree = "<group>"; };
		1786F4241577D611000A10F6 /* glyphicons_173_play.png */ = {isa = PBXFileReference; lastKnownFileType = image.png; path = glyphicons_173_play.png; sourceTree = "<group>"; };
		1786F42E15781A4F000A10F6 /* icon-remote-dvr.png */ = {isa = PBXFileReference; lastKnownFileType = image.png; path = "icon-remote-dvr.png"; sourceTree = "<group>"; };
		1786F4311578280A000A10F6 /* icon-remote-dvr.png */ = {isa = PBXFileReference; lastKnownFileType = image.png; name = "icon-remote-dvr.png"; path = "../../../Downloads/icon-remote-dvr.png"; sourceTree = "<group>"; };
		1786F45515782978000A10F6 /* ceenee_3_ok.png */ = {isa = PBXFileReference; lastKnownFileType = image.png; path = ceenee_3_ok.png; sourceTree = "<group>"; };
		1786F45615782978000A10F6 /* ceenee_4_repeat.png */ = {isa = PBXFileReference; lastKnownFileType = image.png; path = ceenee_4_repeat.png; sourceTree = "<group>"; };
		1786F45715782978000A10F6 /* ceenee_5_return.png */ = {isa = PBXFileReference; lastKnownFileType = image.png; path = ceenee_5_return.png; sourceTree = "<group>"; };
		1786F45815782978000A10F6 /* ceenee_6_tvmode.png */ = {isa = PBXFileReference; lastKnownFileType = image.png; path = ceenee_6_tvmode.png; sourceTree = "<group>"; };
		1786F45915782978000A10F6 /* ceenee_6_zoom.png */ = {isa = PBXFileReference; lastKnownFileType = image.png; path = ceenee_6_zoom.png; sourceTree = "<group>"; };
		1786F45A15782978000A10F6 /* ceenee_7_169.png */ = {isa = PBXFileReference; lastKnownFileType = image.png; path = ceenee_7_169.png; sourceTree = "<group>"; };
		17B77C4415753D9E009C3D5C /* Security.framework */ = {isa = PBXFileReference; lastKnownFileType = wrapper.framework; name = Security.framework; path = System/Library/Frameworks/Security.framework; sourceTree = SDKROOT; };
/* End PBXFileReference section */

/* Begin PBXFrameworksBuildPhase section */
		1731F511156AEE81009186AB /* Frameworks */ = {
			isa = PBXFrameworksBuildPhase;
			buildActionMask = 2147483647;
			files = (
				17B77C4615753DA4009C3D5C /* CFNetwork.framework in Frameworks */,
				17B77C4515753D9E009C3D5C /* Security.framework in Frameworks */,
				1731F519156AEE81009186AB /* UIKit.framework in Frameworks */,
				1731F51B156AEE81009186AB /* Foundation.framework in Frameworks */,
				1731F51D156AEE81009186AB /* CoreGraphics.framework in Frameworks */,
			);
			runOnlyForDeploymentPostprocessing = 0;
		};
/* End PBXFrameworksBuildPhase section */

/* Begin PBXGroup section */
		1731F509156AEE81009186AB = {
			isa = PBXGroup;
			children = (
				1786F42E15781A4F000A10F6 /* icon-remote-dvr.png */,
				1731F51E156AEE81009186AB /* iCeeNee */,
				1731F517156AEE81009186AB /* Frameworks */,
				1731F515156AEE81009186AB /* Products */,
			);
			sourceTree = "<group>";
		};
		1731F515156AEE81009186AB /* Products */ = {
			isa = PBXGroup;
			children = (
				1731F514156AEE81009186AB /* iCeeNee.app */,
			);
			name = Products;
			sourceTree = "<group>";
		};
		1731F517156AEE81009186AB /* Frameworks */ = {
			isa = PBXGroup;
			children = (
				17B77C4415753D9E009C3D5C /* Security.framework */,
				17143AF5157537E600BA7AD6 /* CFNetwork.framework */,
				1731F518156AEE81009186AB /* UIKit.framework */,
				1731F51A156AEE81009186AB /* Foundation.framework */,
				1731F51C156AEE81009186AB /* CoreGraphics.framework */,
			);
			name = Frameworks;
			sourceTree = "<group>";
		};
		1731F51E156AEE81009186AB /* iCeeNee */ = {
			isa = PBXGroup;
			children = (
				177BC4AD1576C68B001BBBF9 /* icon */,
				177BC18C1576AE7D001BBBF9 /* glyph */,
				1731F552156E9B26009186AB /* Tcp */,
				1731F54E156E9A70009186AB /* TcpRemote */,
				1731F527156AEE81009186AB /* CeeneeAppDelegate.h */,
				1731F528156AEE81009186AB /* CeeneeAppDelegate.m */,
				1731F52A156AEE81009186AB /* CeeneeViewController.h */,
				1731F52B156AEE81009186AB /* CeeneeViewController.m */,
				1731F52D156AEE81009186AB /* CeeneeViewController_iPhone.xib */,
				1731F530156AEE81009186AB /* CeeneeViewController_iPad.xib */,
				1731F51F156AEE81009186AB /* Supporting Files */,
			);
			path = iCeeNee;
			sourceTree = "<group>";
		};
		1731F51F156AEE81009186AB /* Supporting Files */ = {
			isa = PBXGroup;
			children = (
				1731F520156AEE81009186AB /* iCeeNee-Info.plist */,
				1731F521156AEE81009186AB /* InfoPlist.strings */,
				1731F524156AEE81009186AB /* main.m */,
				1731F526156AEE81009186AB /* iCeeNee-Prefix.pch */,
			);
			name = "Supporting Files";
			sourceTree = "<group>";
		};
		1731F54E156E9A70009186AB /* TcpRemote */ = {
			isa = PBXGroup;
			children = (
				1731F54B156E9A6A009186AB /* CeeneeRemote.h */,
				1731F54C156E9A6A009186AB /* CeeneeRemote.m */,
			);
			name = TcpRemote;
			sourceTree = "<group>";
		};
		1731F552156E9B26009186AB /* Tcp */ = {
			isa = PBXGroup;
			children = (
				1731F54F156E9AC3009186AB /* GCDAsyncSocket.h */,
				1731F550156E9AC3009186AB /* GCDAsyncSocket.m */,
			);
			name = Tcp;
			sourceTree = "<group>";
		};
		177BC18C1576AE7D001BBBF9 /* glyph */ = {
			isa = PBXGroup;
			children = (
				17422961157931ED003F7C3B /* glyphicons_169_albums.png */,
				1742294A157921D9003F7C3B /* glyphicons_221_unshare.png */,
				174229481579215B003F7C3B /* glyphicons_279_tablet.png */,
				17422946157920D8003F7C3B /* glyphicons_049_star.png */,
				1742294315792085003F7C3B /* glyphicons_349_fullscreen.png */,
				177BC1A11576AE7D001BBBF9 /* glyphicons_020_home.png */,
				177BC1A81576AE7D001BBBF9 /* glyphicons_027_search.png */,
				177BC1CC1576AE7D001BBBF9 /* glyphicons_063_power.png */,
				177BC1D61576AE7D001BBBF9 /* glyphicons_073_signal.png */,
				177BC1E21576AE7D001BBBF9 /* glyphicons_085_repeat.png */,
				177BC1F11576AE7D001BBBF9 /* glyphicons_100_font.png */,
				177BC2371576AE7D001BBBF9 /* glyphicons_170_step_backward.png */,
				177BC2381576AE7D001BBBF9 /* glyphicons_171_fast_backward.png */,
				177BC2391576AE7D001BBBF9 /* glyphicons_172_rewind.png */,
				1786F4241577D611000A10F6 /* glyphicons_173_play.png */,
				177BC23B1576AE7D001BBBF9 /* glyphicons_174_pause.png */,
				177BC23C1576AE7D001BBBF9 /* glyphicons_175_stop.png */,
				177BC23D1576AE7D001BBBF9 /* glyphicons_176_forward.png */,
				177BC23E1576AE7D001BBBF9 /* glyphicons_177_fast_forward.png */,
				177BC23F1576AE7D001BBBF9 /* glyphicons_178_step_forward.png */,
				177BC2401576AE7D001BBBF9 /* glyphicons_179_eject.png */,
				177BC2411576AE7D001BBBF9 /* glyphicons_180_facetime_video.png */,
				177BC2431576AE7D001BBBF9 /* glyphicons_182_mute.png */,
				177BC2441576AE7D001BBBF9 /* glyphicons_183_volume_down.png */,
				177BC2451576AE7D001BBBF9 /* glyphicons_184_volume_up.png */,
				177BC2501576AE7D001BBBF9 /* glyphicons_195_circle_info.png */,
				177BC2521576AE7D001BBBF9 /* glyphicons_197_remove.png */,
				177BC2531576AE7D001BBBF9 /* glyphicons_198_ok.png */,
				177BC2651576AE7D001BBBF9 /* glyphicons_216_circle_arrow_left.png */,
				177BC2661576AE7D001BBBF9 /* glyphicons_217_circle_arrow_right.png */,
				177BC2671576AE7D001BBBF9 /* glyphicons_218_circle_arrow_top.png */,
				177BC2681576AE7D001BBBF9 /* glyphicons_219_circle_arrow_down.png */,
				177BC2691576AE7D001BBBF9 /* glyphicons_220_play_button.png */,
				1786F4221577D5BA000A10F6 /* glyphicons_280_settings.png */,
				177BC2D41576AE7D001BBBF9 /* glyphicons_327_sampler.png */,
				177BC2EC1576AE7D001BBBF9 /* glyphicons_351_book_open.png */,
			);
			name = glyph;
			path = png;
			sourceTree = "<group>";
		};
		177BC4AD1576C68B001BBBF9 /* icon */ = {
			isa = PBXGroup;
			children = (
				1742296B157938B7003F7C3B /* ceenee_11_red.png */,
				1742296C157938B7003F7C3B /* ceenee_12_blue.png */,
				1742296D157938B7003F7C3B /* ceenee_13_yellow.png */,
				1742296E157938B7003F7C3B /* ceenee_14_green.png */,
				1742295715792F5D003F7C3B /* ceenee_10_slow.png */,
				1786F45515782978000A10F6 /* ceenee_3_ok.png */,
				1786F45615782978000A10F6 /* ceenee_4_repeat.png */,
				1786F45715782978000A10F6 /* ceenee_5_return.png */,
				1786F45815782978000A10F6 /* ceenee_6_tvmode.png */,
				1786F45915782978000A10F6 /* ceenee_6_zoom.png */,
				1786F45A15782978000A10F6 /* ceenee_7_169.png */,
				1786F4311578280A000A10F6 /* icon-remote-dvr.png */,
			);
			name = icon;
			sourceTree = "<group>";
		};
/* End PBXGroup section */

/* Begin PBXNativeTarget section */
		1731F513156AEE81009186AB /* iCeeNee */ = {
			isa = PBXNativeTarget;
			buildConfigurationList = 1731F535156AEE81009186AB /* Build configuration list for PBXNativeTarget "iCeeNee" */;
			buildPhases = (
				1731F510156AEE81009186AB /* Sources */,
				1731F511156AEE81009186AB /* Frameworks */,
				1731F512156AEE81009186AB /* Resources */,
			);
			buildRules = (
			);
			dependencies = (
			);
			name = iCeeNee;
			productName = iCeeNee;
			productReference = 1731F514156AEE81009186AB /* iCeeNee.app */;
			productType = "com.apple.product-type.application";
		};
/* End PBXNativeTarget section */

/* Begin PBXProject section */
		1731F50B156AEE81009186AB /* Project object */ = {
			isa = PBXProject;
			attributes = {
				CLASSPREFIX = Ceenee;
				LastUpgradeCheck = 0430;
				ORGANIZATIONNAME = Ceenee;
			};
			buildConfigurationList = 1731F50E156AEE81009186AB /* Build configuration list for PBXProject "iCeeNee" */;
			compatibilityVersion = "Xcode 3.2";
			developmentRegion = English;
			hasScannedForEncodings = 0;
			knownRegions = (
				en,
			);
			mainGroup = 1731F509156AEE81009186AB;
			productRefGroup = 1731F515156AEE81009186AB /* Products */;
			projectDirPath = "";
			projectRoot = "";
			targets = (
				1731F513156AEE81009186AB /* iCeeNee */,
			);
		};
/* End PBXProject section */

/* Begin PBXResourcesBuildPhase section */
		1731F512156AEE81009186AB /* Resources */ = {
			isa = PBXResourcesBuildPhase;
			buildActionMask = 2147483647;
			files = (
				1731F523156AEE81009186AB /* InfoPlist.strings in Resources */,
				1731F52F156AEE81009186AB /* CeeneeViewController_iPhone.xib in Resources */,
				1731F532156AEE81009186AB /* CeeneeViewController_iPad.xib in Resources */,
				177BC3311576AE7E001BBBF9 /* glyphicons_020_home.png in Resources */,
				177BC3381576AE7E001BBBF9 /* glyphicons_027_search.png in Resources */,
				177BC35C1576AE7E001BBBF9 /* glyphicons_063_power.png in Resources */,
				177BC3661576AE7E001BBBF9 /* glyphicons_073_signal.png in Resources */,
				177BC3721576AE7E001BBBF9 /* glyphicons_085_repeat.png in Resources */,
				177BC3811576AE7E001BBBF9 /* glyphicons_100_font.png in Resources */,
				177BC3C71576AE7E001BBBF9 /* glyphicons_170_step_backward.png in Resources */,
				177BC3C81576AE7E001BBBF9 /* glyphicons_171_fast_backward.png in Resources */,
				177BC3C91576AE7E001BBBF9 /* glyphicons_172_rewind.png in Resources */,
				177BC3CB1576AE7E001BBBF9 /* glyphicons_174_pause.png in Resources */,
				177BC3CC1576AE7E001BBBF9 /* glyphicons_175_stop.png in Resources */,
				177BC3CD1576AE7E001BBBF9 /* glyphicons_176_forward.png in Resources */,
				177BC3CE1576AE7E001BBBF9 /* glyphicons_177_fast_forward.png in Resources */,
				177BC3CF1576AE7E001BBBF9 /* glyphicons_178_step_forward.png in Resources */,
				177BC3D01576AE7E001BBBF9 /* glyphicons_179_eject.png in Resources */,
				177BC3D11576AE7E001BBBF9 /* glyphicons_180_facetime_video.png in Resources */,
				177BC3D31576AE7E001BBBF9 /* glyphicons_182_mute.png in Resources */,
				177BC3D41576AE7E001BBBF9 /* glyphicons_183_volume_down.png in Resources */,
				177BC3D51576AE7E001BBBF9 /* glyphicons_184_volume_up.png in Resources */,
				177BC3E01576AE7E001BBBF9 /* glyphicons_195_circle_info.png in Resources */,
				177BC3E21576AE7E001BBBF9 /* glyphicons_197_remove.png in Resources */,
				177BC3E31576AE7E001BBBF9 /* glyphicons_198_ok.png in Resources */,
				177BC3F51576AE7E001BBBF9 /* glyphicons_216_circle_arrow_left.png in Resources */,
				177BC3F61576AE7E001BBBF9 /* glyphicons_217_circle_arrow_right.png in Resources */,
				177BC3F71576AE7E001BBBF9 /* glyphicons_218_circle_arrow_top.png in Resources */,
				177BC3F81576AE7E001BBBF9 /* glyphicons_219_circle_arrow_down.png in Resources */,
				177BC3F91576AE7E001BBBF9 /* glyphicons_220_play_button.png in Resources */,
				177BC4641576AE7E001BBBF9 /* glyphicons_327_sampler.png in Resources */,
				177BC47C1576AE7E001BBBF9 /* glyphicons_351_book_open.png in Resources */,
				1786F4231577D5BA000A10F6 /* glyphicons_280_settings.png in Resources */,
				1786F4251577D611000A10F6 /* glyphicons_173_play.png in Resources */,
				1786F42F15781A50000A10F6 /* icon-remote-dvr.png in Resources */,
				1786F4321578280A000A10F6 /* icon-remote-dvr.png in Resources */,
				1786F45D15782978000A10F6 /* ceenee_3_ok.png in Resources */,
				1786F45E15782978000A10F6 /* ceenee_4_repeat.png in Resources */,
				1786F45F15782978000A10F6 /* ceenee_5_return.png in Resources */,
				1786F46015782978000A10F6 /* ceenee_6_tvmode.png in Resources */,
				1786F46115782978000A10F6 /* ceenee_6_zoom.png in Resources */,
				1786F46215782978000A10F6 /* ceenee_7_169.png in Resources */,
				1742294415792085003F7C3B /* glyphicons_349_fullscreen.png in Resources */,
				17422947157920D8003F7C3B /* glyphicons_049_star.png in Resources */,
				174229491579215B003F7C3B /* glyphicons_279_tablet.png in Resources */,
				1742294B157921D9003F7C3B /* glyphicons_221_unshare.png in Resources */,
				1742295C15792F5D003F7C3B /* ceenee_10_slow.png in Resources */,
				17422962157931ED003F7C3B /* glyphicons_169_albums.png in Resources */,
				1742296F157938B7003F7C3B /* ceenee_11_red.png in Resources */,
				17422970157938B7003F7C3B /* ceenee_12_blue.png in Resources */,
				17422971157938B7003F7C3B /* ceenee_13_yellow.png in Resources */,
				17422972157938B7003F7C3B /* ceenee_14_green.png in Resources */,
			);
			runOnlyForDeploymentPostprocessing = 0;
		};
/* End PBXResourcesBuildPhase section */

/* Begin PBXSourcesBuildPhase section */
		1731F510156AEE81009186AB /* Sources */ = {
			isa = PBXSourcesBuildPhase;
			buildActionMask = 2147483647;
			files = (
				1731F525156AEE81009186AB /* main.m in Sources */,
				1731F529156AEE81009186AB /* CeeneeAppDelegate.m in Sources */,
				1731F52C156AEE81009186AB /* CeeneeViewController.m in Sources */,
				1731F54D156E9A6A009186AB /* CeeneeRemote.m in Sources */,
				1731F551156E9AC3009186AB /* GCDAsyncSocket.m in Sources */,
			);
			runOnlyForDeploymentPostprocessing = 0;
		};
/* End PBXSourcesBuildPhase section */

/* Begin PBXVariantGroup section */
		1731F521156AEE81009186AB /* InfoPlist.strings */ = {
			isa = PBXVariantGroup;
			children = (
				1731F522156AEE81009186AB /* en */,
			);
			name = InfoPlist.strings;
			sourceTree = "<group>";
		};
		1731F52D156AEE81009186AB /* CeeneeViewController_iPhone.xib */ = {
			isa = PBXVariantGroup;
			children = (
				1731F52E156AEE81009186AB /* en */,
			);
			name = CeeneeViewController_iPhone.xib;
			sourceTree = "<group>";
		};
		1731F530156AEE81009186AB /* CeeneeViewController_iPad.xib */ = {
			isa = PBXVariantGroup;
			children = (
				1731F531156AEE81009186AB /* en */,
			);
			name = CeeneeViewController_iPad.xib;
			sourceTree = "<group>";
		};
/* End PBXVariantGroup section */

/* Begin XCBuildConfiguration section */
		1731F533156AEE81009186AB /* Debug */ = {
			isa = XCBuildConfiguration;
			buildSettings = {
				ALWAYS_SEARCH_USER_PATHS = NO;
				ARCHS = "$(ARCHS_STANDARD_32_BIT)";
				CLANG_ENABLE_OBJC_ARC = YES;
				"CODE_SIGN_IDENTITY[sdk=iphoneos*]" = "iPhone Developer";
				COPY_PHASE_STRIP = NO;
				GCC_C_LANGUAGE_STANDARD = gnu99;
				GCC_DYNAMIC_NO_PIC = NO;
				GCC_OPTIMIZATION_LEVEL = 0;
				GCC_PREPROCESSOR_DEFINITIONS = (
					"DEBUG=1",
					"$(inherited)",
				);
				GCC_SYMBOLS_PRIVATE_EXTERN = NO;
				GCC_VERSION = com.apple.compilers.llvm.clang.1_0;
				GCC_WARN_ABOUT_RETURN_TYPE = YES;
				GCC_WARN_UNINITIALIZED_AUTOS = YES;
				GCC_WARN_UNUSED_VARIABLE = YES;
				IPHONEOS_DEPLOYMENT_TARGET = 4.2;
				SDKROOT = iphoneos;
				TARGETED_DEVICE_FAMILY = "1,2";
			};
			name = Debug;
		};
		1731F534156AEE81009186AB /* Release */ = {
			isa = XCBuildConfiguration;
			buildSettings = {
				ALWAYS_SEARCH_USER_PATHS = NO;
				ARCHS = "$(ARCHS_STANDARD_32_BIT)";
				CLANG_ENABLE_OBJC_ARC = YES;
				"CODE_SIGN_IDENTITY[sdk=iphoneos*]" = "iPhone Developer";
				COPY_PHASE_STRIP = YES;
				GCC_C_LANGUAGE_STANDARD = gnu99;
				GCC_VERSION = com.apple.compilers.llvm.clang.1_0;
				GCC_WARN_ABOUT_RETURN_TYPE = YES;
				GCC_WARN_UNINITIALIZED_AUTOS = YES;
				GCC_WARN_UNUSED_VARIABLE = YES;
				IPHONEOS_DEPLOYMENT_TARGET = 4.2;
				OTHER_CFLAGS = "-DNS_BLOCK_ASSERTIONS=1";
				SDKROOT = iphoneos;
				TARGETED_DEVICE_FAMILY = "1,2";
				VALIDATE_PRODUCT = YES;
			};
			name = Release;
		};
		1731F536156AEE81009186AB /* Debug */ = {
			isa = XCBuildConfiguration;
			buildSettings = {
				GCC_PRECOMPILE_PREFIX_HEADER = YES;
				GCC_PREFIX_HEADER = "iCeeNee/iCeeNee-Prefix.pch";
				INFOPLIST_FILE = "iCeeNee/iCeeNee-Info.plist";
				IPHONEOS_DEPLOYMENT_TARGET = 4.2;
				PRODUCT_NAME = "$(TARGET_NAME)";
				SDKROOT = iphoneos;
				TARGETED_DEVICE_FAMILY = "1,2";
				WRAPPER_EXTENSION = app;
			};
			name = Debug;
		};
		1731F537156AEE81009186AB /* Release */ = {
			isa = XCBuildConfiguration;
			buildSettings = {
				GCC_PRECOMPILE_PREFIX_HEADER = YES;
				GCC_PREFIX_HEADER = "iCeeNee/iCeeNee-Prefix.pch";
				INFOPLIST_FILE = "iCeeNee/iCeeNee-Info.plist";
				IPHONEOS_DEPLOYMENT_TARGET = 4.2;
				PRODUCT_NAME = "$(TARGET_NAME)";
				SDKROOT = iphoneos;
				TARGETED_DEVICE_FAMILY = "1,2";
				WRAPPER_EXTENSION = app;
			};
			name = Release;
		};
/* End XCBuildConfiguration section */

/* Begin XCConfigurationList section */
		1731F50E156AEE81009186AB /* Build configuration list for PBXProject "iCeeNee" */ = {
			isa = XCConfigurationList;
			buildConfigurations = (
				1731F533156AEE81009186AB /* Debug */,
				1731F534156AEE81009186AB /* Release */,
			);
			defaultConfigurationIsVisible = 0;
			defaultConfigurationName = Release;
		};
		1731F535156AEE81009186AB /* Build configuration list for PBXNativeTarget "iCeeNee" */ = {
			isa = XCConfigurationList;
			buildConfigurations = (
				1731F536156AEE81009186AB /* Debug */,
				1731F537156AEE81009186AB /* Release */,
			);
			defaultConfigurationIsVisible = 0;
			defaultConfigurationName = Release;
		};
/* End XCConfigurationList section */
	};
	rootObject = 1731F50B156AEE81009186AB /* Project object */;
}
